{
  "name": "@yrd1/commithash",
  "version": "0.0.1",
  "lockfileVersion": 1,
  "requires": true,
  "dependencies": {
    "@types/dateformat": {
      "version": "3.0.0",
      "resolved": "https://registry.npmjs.org/@types/dateformat/-/dateformat-3.0.0.tgz",
      "integrity": "sha512-4N/J/ISasvUYOPnr5gfYRp+YYmPhHqkAyUgP9T9/HQHFoIfjU53lt3jaX67VuTvhpF5WsyNlCcEFbpI3spdxEA==",
      "dev": true
    },
    "dateformat": {
      "version": "3.0.3",
      "resolved": "https://registry.npmjs.org/dateformat/-/dateformat-3.0.3.tgz",
      "integrity": "sha512-jyCETtSl3VMZMWeRo7iY1FL19ges1t55hMo5yaam4Jrsm5EPL89UQkoQRyiI+Yf4k8r2ZpdngkV8hr1lIdjb3Q=="
    }
  }
}
